
Microsoft Visual Studio Solution File, Format Version 12.00
# Visual Studio Version 16
VisualStudioVersion = 16.0.31205.134
MinimumVisualStudioVersion = 10.0.40219.1
Project("{FAE04EC0-301F-11D3-BF4B-00C04F79EFBC}") = "HelloSerivce", "HelloSerivce.csproj", "{D42A279A-6BDB-4E7D-AF44-1C4902A7D764}"
EndProject
Global
	GlobalSection(SolutionConfigurationPlatforms) = preSolution
		Debug|Any CPU = Debug|Any CPU
		Release|Any CPU = Release|Any CPU
	EndGlobalSection
	GlobalSection(ProjectConfigurationPlatforms) = postSolution
		{D42A279A-6BDB-4E7D-AF44-1C4902A7D764}.Debug|Any CPU.ActiveCfg = Debug|Any CPU
		{D42A279A-6BDB-4E7D-AF44-1C4902A7D764}.Debug|Any CPU.Build.0 = Debug|Any CPU
		{D42A279A-6BDB-4E7D-AF44-1C4902A7D764}.Release|Any CPU.ActiveCfg = Release|Any CPU
		{D42A279A-6BDB-4E7D-AF44-1C4902A7D764}.Release|Any CPU.Build.0 = Release|Any CPU
	EndGlobalSection
	GlobalSection(SolutionProperties) = preSolution
		HideSolutionNode = FALSE
	EndGlobalSection
	GlobalSection(ExtensibilityGlobals) = postSolution
		SolutionGuid = {212985E7-1ABC-4B3D-A810-913CD1AB5990}
	EndGlobalSection
EndGlobal
